
Microsoft Visual Studio Solution File, Format Version 12.00
# Visual Studio Version 17
VisualStudioVersion = 17.0.31903.59
MinimumVisualStudioVersion = 10.0.40219.1
Project("{2150E333-8FDC-42A3-9474-1A3956D46DE8}") = "src", "src", "{827E0CD3-B72D-47B6-A68D-7590B98EB39B}"
EndProject
Project("{FAE04EC0-301F-11D3-BF4B-00C04F79EFBC}") = "WhyStack.Domain", "src\WhyStack.Domain\WhyStack.Domain.csproj", "{B25269D9-A1AB-40DF-8AFC-A26B315292FE}"
EndProject
Project("{FAE04EC0-301F-11D3-BF4B-00C04F79EFBC}") = "WhyStack.Application", "src\WhyStack.Application\WhyStack.Application.csproj", "{E1463F64-04E3-4320-A62F-6D89BBBD47A7}"
EndProject
Project("{FAE04EC0-301F-11D3-BF4B-00C04F79EFBC}") = "WhyStack.Infrastructure", "src\WhyStack.Infrastructure\WhyStack.Infrastructure.csproj", "{8874F6CA-A2D9-4396-AF08-9A74DE2ED314}"
EndProject
Project("{FAE04EC0-301F-11D3-BF4B-00C04F79EFBC}") = "WhyStack.Api", "src\WhyStack.Api\WhyStack.Api.csproj", "{5D40A4BC-885D-44E2-ADB9-C3B8839A0E7D}"
EndProject
Project("{2150E333-8FDC-42A3-9474-1A3956D46DE8}") = "tests", "tests", "{0AB3BF05-4346-4AA6-1389-037BE0695223}"
EndProject
Project("{FAE04EC0-301F-11D3-BF4B-00C04F79EFBC}") = "WhyStack.Domain.Tests", "tests\WhyStack.Domain.Tests\WhyStack.Domain.Tests.csproj", "{69C9D410-EA5D-4C60-BD92-F135A7063666}"
EndProject
Project("{FAE04EC0-301F-11D3-BF4B-00C04F79EFBC}") = "WhyStack.Application.Tests", "tests\WhyStack.Application.Tests\WhyStack.Application.Tests.csproj", "{666A5820-57E5-45D2-A4E6-4243A14C0464}"
EndProject
Project("{FAE04EC0-301F-11D3-BF4B-00C04F79EFBC}") = "WhyStack.Infrastructure.Tests", "tests\WhyStack.Infrastructure.Tests\WhyStack.Infrastructure.Tests.csproj", "{B5064B30-7155-4C5E-9C1D-9B032A792BC3}"
EndProject
Project("{FAE04EC0-301F-11D3-BF4B-00C04F79EFBC}") = "WhyStack.Api.Tests", "tests\WhyStack.Api.Tests\WhyStack.Api.Tests.csproj", "{3B2EEDCD-D076-4E33-B11B-1E5BE85B84A7}"
EndProject
Global
	GlobalSection(SolutionConfigurationPlatforms) = preSolution
		Debug|Any CPU = Debug|Any CPU
		Debug|x64 = Debug|x64
		Debug|x86 = Debug|x86
		Release|Any CPU = Release|Any CPU
		Release|x64 = Release|x64
		Release|x86 = Release|x86
	EndGlobalSection
	GlobalSection(ProjectConfigurationPlatforms) = postSolution
		{B25269D9-A1AB-40DF-8AFC-A26B315292FE}.Debug|Any CPU.ActiveCfg = Debug|Any CPU
		{B25269D9-A1AB-40DF-8AFC-A26B315292FE}.Debug|Any CPU.Build.0 = Debug|Any CPU
		{B25269D9-A1AB-40DF-8AFC-A26B315292FE}.Debug|x64.ActiveCfg = Debug|Any CPU
		{B25269D9-A1AB-40DF-8AFC-A26B315292FE}.Debug|x64.Build.0 = Debug|Any CPU
		{B25269D9-A1AB-40DF-8AFC-A26B315292FE}.Debug|x86.ActiveCfg = Debug|Any CPU
		{B25269D9-A1AB-40DF-8AFC-A26B315292FE}.Debug|x86.Build.0 = Debug|Any CPU
		{B25269D9-A1AB-40DF-8AFC-A26B315292FE}.Release|Any CPU.ActiveCfg = Release|Any CPU
		{B25269D9-A1AB-40DF-8AFC-A26B315292FE}.Release|Any CPU.Build.0 = Release|Any CPU
		{B25269D9-A1AB-40DF-8AFC-A26B315292FE}.Release|x64.ActiveCfg = Release|Any CPU
		{B25269D9-A1AB-40DF-8AFC-A26B315292FE}.Release|x64.Build.0 = Release|Any CPU
		{B25269D9-A1AB-40DF-8AFC-A26B315292FE}.Release|x86.ActiveCfg = Release|Any CPU
		{B25269D9-A1AB-40DF-8AFC-A26B315292FE}.Release|x86.Build.0 = Release|Any CPU
		{E1463F64-04E3-4320-A62F-6D89BBBD47A7}.Debug|Any CPU.ActiveCfg = Debug|Any CPU
		{E1463F64-04E3-4320-A62F-6D89BBBD47A7}.Debug|Any CPU.Build.0 = Debug|Any CPU
		{E1463F64-04E3-4320-A62F-6D89BBBD47A7}.Debug|x64.ActiveCfg = Debug|Any CPU
		{E1463F64-04E3-4320-A62F-6D89BBBD47A7}.Debug|x64.Build.0 = Debug|Any CPU
		{E1463F64-04E3-4320-A62F-6D89BBBD47A7}.Debug|x86.ActiveCfg = Debug|Any CPU
		{E1463F64-04E3-4320-A62F-6D89BBBD47A7}.Debug|x86.Build.0 = Debug|Any CPU
		{E1463F64-04E3-4320-A62F-6D89BBBD47A7}.Release|Any CPU.ActiveCfg = Release|Any CPU
		{E1463F64-04E3-4320-A62F-6D89BBBD47A7}.Release|Any CPU.Build.0 = Release|Any CPU
		{E1463F64-04E3-4320-A62F-6D89BBBD47A7}.Release|x64.ActiveCfg = Release|Any CPU
		{E1463F64-04E3-4320-A62F-6D89BBBD47A7}.Release|x64.Build.0 = Release|Any CPU
		{E1463F64-04E3-4320-A62F-6D89BBBD47A7}.Release|x86.ActiveCfg = Release|Any CPU
		{E1463F64-04E3-4320-A62F-6D89BBBD47A7}.Release|x86.Build.0 = Release|Any CPU
		{8874F6CA-A2D9-4396-AF08-9A74DE2ED314}.Debug|Any CPU.ActiveCfg = Debug|Any CPU
		{8874F6CA-A2D9-4396-AF08-9A74DE2ED314}.Debug|Any CPU.Build.0 = Debug|Any CPU
		{8874F6CA-A2D9-4396-AF08-9A74DE2ED314}.Debug|x64.ActiveCfg = Debug|Any CPU
		{8874F6CA-A2D9-4396-AF08-9A74DE2ED314}.Debug|x64.Build.0 = Debug|Any CPU
		{8874F6CA-A2D9-4396-AF08-9A74DE2ED314}.Debug|x86.ActiveCfg = Debug|Any CPU
		{8874F6CA-A2D9-4396-AF08-9A74DE2ED314}.Debug|x86.Build.0 = Debug|Any CPU
		{8874F6CA-A2D9-4396-AF08-9A74DE2ED314}.Release|Any CPU.ActiveCfg = Release|Any CPU
		{8874F6CA-A2D9-4396-AF08-9A74DE2ED314}.Release|Any CPU.Build.0 = Release|Any CPU
		{8874F6CA-A2D9-4396-AF08-9A74DE2ED314}.Release|x64.ActiveCfg = Release|Any CPU
		{8874F6CA-A2D9-4396-AF08-9A74DE2ED314}.Release|x64.Build.0 = Release|Any CPU
		{8874F6CA-A2D9-4396-AF08-9A74DE2ED314}.Release|x86.ActiveCfg = Release|Any CPU
		{8874F6CA-A2D9-4396-AF08-9A74DE2ED314}.Release|x86.Build.0 = Release|Any CPU
		{5D40A4BC-885D-44E2-ADB9-C3B8839A0E7D}.Debug|Any CPU.ActiveCfg = Debug|Any CPU
		{5D40A4BC-885D-44E2-ADB9-C3B8839A0E7D}.Debug|Any CPU.Build.0 = Debug|Any CPU
		{5D40A4BC-885D-44E2-ADB9-C3B8839A0E7D}.Debug|x64.ActiveCfg = Debug|Any CPU
		{5D40A4BC-885D-44E2-ADB9-C3B8839A0E7D}.Debug|x64.Build.0 = Debug|Any CPU
		{5D40A4BC-885D-44E2-ADB9-C3B8839A0E7D}.Debug|x86.ActiveCfg = Debug|Any CPU
		{5D40A4BC-885D-44E2-ADB9-C3B8839A0E7D}.Debug|x86.Build.0 = Debug|Any CPU
		{5D40A4BC-885D-44E2-ADB9-C3B8839A0E7D}.Release|Any CPU.ActiveCfg = Release|Any CPU
		{5D40A4BC-885D-44E2-ADB9-C3B8839A0E7D}.Release|Any CPU.Build.0 = Release|Any CPU
		{5D40A4BC-885D-44E2-ADB9-C3B8839A0E7D}.Release|x64.ActiveCfg = Release|Any CPU
		{5D40A4BC-885D-44E2-ADB9-C3B8839A0E7D}.Release|x64.Build.0 = Release|Any CPU
		{5D40A4BC-885D-44E2-ADB9-C3B8839A0E7D}.Release|x86.ActiveCfg = Release|Any CPU
		{5D40A4BC-885D-44E2-ADB9-C3B8839A0E7D}.Release|x86.Build.0 = Release|Any CPU
		{69C9D410-EA5D-4C60-BD92-F135A7063666}.Debug|Any CPU.ActiveCfg = Debug|Any CPU
		{69C9D410-EA5D-4C60-BD92-F135A7063666}.Debug|Any CPU.Build.0 = Debug|Any CPU
		{69C9D410-EA5D-4C60-BD92-F135A7063666}.Debug|x64.ActiveCfg = Debug|Any CPU
		{69C9D410-EA5D-4C60-BD92-F135A7063666}.Debug|x64.Build.0 = Debug|Any CPU
		{69C9D410-EA5D-4C60-BD92-F135A7063666}.Debug|x86.ActiveCfg = Debug|Any CPU
		{69C9D410-EA5D-4C60-BD92-F135A7063666}.Debug|x86.Build.0 = Debug|Any CPU
		{69C9D410-EA5D-4C60-BD92-F135A7063666}.Release|Any CPU.ActiveCfg = Release|Any CPU
		{69C9D410-EA5D-4C60-BD92-F135A7063666}.Release|Any CPU.Build.0 = Release|Any CPU
		{69C9D410-EA5D-4C60-BD92-F135A7063666}.Release|x64.ActiveCfg = Release|Any CPU
		{69C9D410-EA5D-4C60-BD92-F135A7063666}.Release|x64.Build.0 = Release|Any CPU
		{69C9D410-EA5D-4C60-BD92-F135A7063666}.Release|x86.ActiveCfg = Release|Any CPU
		{69C9D410-EA5D-4C60-BD92-F135A7063666}.Release|x86.Build.0 = Release|Any CPU
		{666A5820-57E5-45D2-A4E6-4243A14C0464}.Debug|Any CPU.ActiveCfg = Debug|Any CPU
		{666A5820-57E5-45D2-A4E6-4243A14C0464}.Debug|Any CPU.Build.0 = Debug|Any CPU
		{666A5820-57E5-45D2-A4E6-4243A14C0464}.Debug|x64.ActiveCfg = Debug|Any CPU
		{666A5820-57E5-45D2-A4E6-4243A14C0464}.Debug|x64.Build.0 = Debug|Any CPU
		{666A5820-57E5-45D2-A4E6-4243A14C0464}.Debug|x86.ActiveCfg = Debug|Any CPU
		{666A5820-57E5-45D2-A4E6-4243A14C0464}.Debug|x86.Build.0 = Debug|Any CPU
		{666A5820-57E5-45D2-A4E6-4243A14C0464}.Release|Any CPU.ActiveCfg = Release|Any CPU
		{666A5820-57E5-45D2-A4E6-4243A14C0464}.Release|Any CPU.Build.0 = Release|Any CPU
		{666A5820-57E5-45D2-A4E6-4243A14C0464}.Release|x64.ActiveCfg = Release|Any CPU
		{666A5820-57E5-45D2-A4E6-4243A14C0464}.Release|x64.Build.0 = Release|Any CPU
		{666A5820-57E5-45D2-A4E6-4243A14C0464}.Release|x86.ActiveCfg = Release|Any CPU
		{666A5820-57E5-45D2-A4E6-4243A14C0464}.Release|x86.Build.0 = Release|Any CPU
		{B5064B30-7155-4C5E-9C1D-9B032A792BC3}.Debug|Any CPU.ActiveCfg = Debug|Any CPU
		{B5064B30-7155-4C5E-9C1D-9B032A792BC3}.Debug|Any CPU.Build.0 = Debug|Any CPU
		{B5064B30-7155-4C5E-9C1D-9B032A792BC3}.Debug|x64.ActiveCfg = Debug|Any CPU
		{B5064B30-7155-4C5E-9C1D-9B032A792BC3}.Debug|x64.Build.0 = Debug|Any CPU
		{B5064B30-7155-4C5E-9C1D-9B032A792BC3}.Debug|x86.ActiveCfg = Debug|Any CPU
		{B5064B30-7155-4C5E-9C1D-9B032A792BC3}.Debug|x86.Build.0 = Debug|Any CPU
		{B5064B30-7155-4C5E-9C1D-9B032A792BC3}.Release|Any CPU.ActiveCfg = Release|Any CPU
		{B5064B30-7155-4C5E-9C1D-9B032A792BC3}.Release|Any CPU.Build.0 = Release|Any CPU
		{B5064B30-7155-4C5E-9C1D-9B032A792BC3}.Release|x64.ActiveCfg = Release|Any CPU
		{B5064B30-7155-4C5E-9C1D-9B032A792BC3}.Release|x64.Build.0 = Release|Any CPU
		{B5064B30-7155-4C5E-9C1D-9B032A792BC3}.Release|x86.ActiveCfg = Release|Any CPU
		{B5064B30-7155-4C5E-9C1D-9B032A792BC3}.Release|x86.Build.0 = Release|Any CPU
		{3B2EEDCD-D076-4E33-B11B-1E5BE85B84A7}.Debug|Any CPU.ActiveCfg = Debug|Any CPU
		{3B2EEDCD-D076-4E33-B11B-1E5BE85B84A7}.Debug|Any CPU.Build.0 = Debug|Any CPU
		{3B2EEDCD-D076-4E33-B11B-1E5BE85B84A7}.Debug|x64.ActiveCfg = Debug|Any CPU
		{3B2EEDCD-D076-4E33-B11B-1E5BE85B84A7}.Debug|x64.Build.0 = Debug|Any CPU
		{3B2EEDCD-D076-4E33-B11B-1E5BE85B84A7}.Debug|x86.ActiveCfg = Debug|Any CPU
		{3B2EEDCD-D076-4E33-B11B-1E5BE85B84A7}.Debug|x86.Build.0 = Debug|Any CPU
		{3B2EEDCD-D076-4E33-B11B-1E5BE85B84A7}.Release|Any CPU.ActiveCfg = Release|Any CPU
		{3B2EEDCD-D076-4E33-B11B-1E5BE85B84A7}.Release|Any CPU.Build.0 = Release|Any CPU
		{3B2EEDCD-D076-4E33-B11B-1E5BE85B84A7}.Release|x64.ActiveCfg = Release|Any CPU
		{3B2EEDCD-D076-4E33-B11B-1E5BE85B84A7}.Release|x64.Build.0 = Release|Any CPU
		{3B2EEDCD-D076-4E33-B11B-1E5BE85B84A7}.Release|x86.ActiveCfg = Release|Any CPU
		{3B2EEDCD-D076-4E33-B11B-1E5BE85B84A7}.Release|x86.Build.0 = Release|Any CPU
	EndGlobalSection
	GlobalSection(SolutionProperties) = preSolution
		HideSolutionNode = FALSE
	EndGlobalSection
	GlobalSection(NestedProjects) = preSolution
		{B25269D9-A1AB-40DF-8AFC-A26B315292FE} = {827E0CD3-B72D-47B6-A68D-7590B98EB39B}
		{E1463F64-04E3-4320-A62F-6D89BBBD47A7} = {827E0CD3-B72D-47B6-A68D-7590B98EB39B}
		{8874F6CA-A2D9-4396-AF08-9A74DE2ED314} = {827E0CD3-B72D-47B6-A68D-7590B98EB39B}
		{5D40A4BC-885D-44E2-ADB9-C3B8839A0E7D} = {827E0CD3-B72D-47B6-A68D-7590B98EB39B}
		{69C9D410-EA5D-4C60-BD92-F135A7063666} = {0AB3BF05-4346-4AA6-1389-037BE0695223}
		{666A5820-57E5-45D2-A4E6-4243A14C0464} = {0AB3BF05-4346-4AA6-1389-037BE0695223}
		{B5064B30-7155-4C5E-9C1D-9B032A792BC3} = {0AB3BF05-4346-4AA6-1389-037BE0695223}
		{3B2EEDCD-D076-4E33-B11B-1E5BE85B84A7} = {0AB3BF05-4346-4AA6-1389-037BE0695223}
	EndGlobalSection
EndGlobal
